%{
  "mogrify": {:hex, :mogrify, "0.5.6", "8ba04d4204f7149fac4ca302ca37aeb1550074958bed9fa892fdf6cd46806082", [:mix], [], "hexpm", "68636c4f736872b2aa7b176f7820b8fe59ee2a11db688cf845410ce1a0260ab3"},
  "mogrify_draw": {:hex, :mogrify_draw, "0.1.1", "858e0eb209bad3d408cfce4845e49e049395f2ae80c0802ecf0b0b8c1b954207", [:mix], [{:mogrify, "~> 0.5.4", [hex: :mogrify, repo: "hexpm", optional: false]}], "hexpm", "3f2e05b6cfa8cdef027bbf3ba14a36253694bac7322a0109b5af019b00665238"},
}
